
Microsoft Visual Studio Solution File, Format Version 12.00
# Visual Studio Version 17
VisualStudioVersion = 17.8.34219.65
MinimumVisualStudioVersion = 10.0.40219.1
Project("{9A19103F-16F7-4668-BE54-9A1E7A4F7556}") = "FBC.FFRecordingSharp", "FBC.FFRecordingSharp\FBC.FFRecordingSharp.csproj", "{8EA135C8-AD07-4DDA-8149-92D37A2BAD1C}"
EndProject
Global
	GlobalSection(SolutionConfigurationPlatforms) = preSolution
		Debug|Any CPU = Debug|Any CPU
		Release|Any CPU = Release|Any CPU
	EndGlobalSection
	GlobalSection(ProjectConfigurationPlatforms) = postSolution
		{8EA135C8-AD07-4DDA-8149-92D37A2BAD1C}.Debug|Any CPU.ActiveCfg = Debug|Any CPU
		{8EA135C8-AD07-4DDA-8149-92D37A2BAD1C}.Debug|Any CPU.Build.0 = Debug|Any CPU
		{8EA135C8-AD07-4DDA-8149-92D37A2BAD1C}.Release|Any CPU.ActiveCfg = Release|Any CPU
		{8EA135C8-AD07-4DDA-8149-92D37A2BAD1C}.Release|Any CPU.Build.0 = Release|Any CPU
	EndGlobalSection
	GlobalSection(SolutionProperties) = preSolution
		HideSolutionNode = FALSE
	EndGlobalSection
	GlobalSection(ExtensibilityGlobals) = postSolution
		SolutionGuid = {E3E9C4CB-B380-47C1-8D45-9AD2EF7BD3C6}
	EndGlobalSection
EndGlobal
